
Microsoft Visual Studio Solution File, Format Version 12.00
# Visual Studio Version 17
VisualStudioVersion = 17.12.35521.163 d17.12
MinimumVisualStudioVersion = 10.0.40219.1
Project("{FAE04EC0-301F-11D3-BF4B-00C04F79EFBC}") = "MuseumTourSystem.Models", "MuseumTourSystem.Models\MuseumTourSystem.Models.csproj", "{DAD61FDF-480C-4880-BB4F-BFD2B7CC25C9}"
EndProject
Project("{FAE04EC0-301F-11D3-BF4B-00C04F79EFBC}") = "MuseumTourSystem.BusinessLogic", "MuseumTourSystem.BusinessLogic\MuseumTourSystem.BusinessLogic.csproj", "{50B8BA4A-366E-44B0-B75E-28A7A31A26AB}"
EndProject
Global
	GlobalSection(SolutionConfigurationPlatforms) = preSolution
		Debug|Any CPU = Debug|Any CPU
		Release|Any CPU = Release|Any CPU
	EndGlobalSection
	GlobalSection(ProjectConfigurationPlatforms) = postSolution
		{DAD61FDF-480C-4880-BB4F-BFD2B7CC25C9}.Debug|Any CPU.ActiveCfg = Debug|Any CPU
		{DAD61FDF-480C-4880-BB4F-BFD2B7CC25C9}.Debug|Any CPU.Build.0 = Debug|Any CPU
		{DAD61FDF-480C-4880-BB4F-BFD2B7CC25C9}.Release|Any CPU.ActiveCfg = Release|Any CPU
		{DAD61FDF-480C-4880-BB4F-BFD2B7CC25C9}.Release|Any CPU.Build.0 = Release|Any CPU
		{50B8BA4A-366E-44B0-B75E-28A7A31A26AB}.Debug|Any CPU.ActiveCfg = Debug|Any CPU
		{50B8BA4A-366E-44B0-B75E-28A7A31A26AB}.Debug|Any CPU.Build.0 = Debug|Any CPU
		{50B8BA4A-366E-44B0-B75E-28A7A31A26AB}.Release|Any CPU.ActiveCfg = Release|Any CPU
		{50B8BA4A-366E-44B0-B75E-28A7A31A26AB}.Release|Any CPU.Build.0 = Release|Any CPU
	EndGlobalSection
	GlobalSection(SolutionProperties) = preSolution
		HideSolutionNode = FALSE
	EndGlobalSection
EndGlobal
